
Microsoft Visual Studio Solution File, Format Version 12.00
# Visual Studio Version 17
VisualStudioVersion = 17.1.31911.260
MinimumVisualStudioVersion = 10.0.40219.1
Project("{FAE04EC0-301F-11D3-BF4B-00C04F79EFBC}") = "DatabaseWebsite", "DatabaseWebsite\DatabaseWebsite.csproj", "{47154912-3494-4C9E-96A9-B2CA4EDCE971}"
EndProject
Global
	GlobalSection(SolutionConfigurationPlatforms) = preSolution
		Debug|Any CPU = Debug|Any CPU
		Release|Any CPU = Release|Any CPU
	EndGlobalSection
	GlobalSection(ProjectConfigurationPlatforms) = postSolution
		{47154912-3494-4C9E-96A9-B2CA4EDCE971}.Debug|Any CPU.ActiveCfg = Debug|Any CPU
		{47154912-3494-4C9E-96A9-B2CA4EDCE971}.Debug|Any CPU.Build.0 = Debug|Any CPU
		{47154912-3494-4C9E-96A9-B2CA4EDCE971}.Release|Any CPU.ActiveCfg = Release|Any CPU
		{47154912-3494-4C9E-96A9-B2CA4EDCE971}.Release|Any CPU.Build.0 = Release|Any CPU
	EndGlobalSection
	GlobalSection(SolutionProperties) = preSolution
		HideSolutionNode = FALSE
	EndGlobalSection
	GlobalSection(ExtensibilityGlobals) = postSolution
		SolutionGuid = {EB977876-ACD5-4750-8C9B-06583DCE1AA9}
	EndGlobalSection
EndGlobal
